// !$*UTF8*$!
{
	archiveVersion = 1;
	classes = {
	};
	objectVersion = 50;
	objects = {

/* Begin PBXBuildFile section */
		333038AC8D3A91C7922E5934 /* Pods_UnsplashPhotos.framework in Frameworks */ = {isa = PBXBuildFile; fileRef = E4F014BE8AECAAC325F7B8F7 /* Pods_UnsplashPhotos.framework */; };
		ED325AF620ADC5CF00FF85E3 /* UnsplashApiConfiguration.swift in Sources */ = {isa = PBXBuildFile; fileRef = ED325AF520ADC5CF00FF85E3 /* UnsplashApiConfiguration.swift */; };
		ED325AFD20ADCEFC00FF85E3 /* UnsplashApiClient.swift in Sources */ = {isa = PBXBuildFile; fileRef = ED325AFC20ADCEFC00FF85E3 /* UnsplashApiClient.swift */; };
		ED325B0220ADCF3200FF85E3 /* Photo.swift in Sources */ = {isa = PBXBuildFile; fileRef = ED325B0020ADCF3200FF85E3 /* Photo.swift */; };
		ED325B0420ADE1E100FF85E3 /* Publisher.swift in Sources */ = {isa = PBXBuildFile; fileRef = ED325B0320ADE1E100FF85E3 /* Publisher.swift */; };
		ED325B0720ADEAC000FF85E3 /* DataManager.swift in Sources */ = {isa = PBXBuildFile; fileRef = ED325B0620ADEAC000FF85E3 /* DataManager.swift */; };
		ED8BD87E20ACCB45002AE118 /* AppDelegate.swift in Sources */ = {isa = PBXBuildFile; fileRef = ED8BD87D20ACCB45002AE118 /* AppDelegate.swift */; };
		ED8BD88320ACCB45002AE118 /* Main.storyboard in Resources */ = {isa = PBXBuildFile; fileRef = ED8BD88120ACCB45002AE118 /* Main.storyboard */; };
		ED8BD88520ACCB47002AE118 /* Assets.xcassets in Resources */ = {isa = PBXBuildFile; fileRef = ED8BD88420ACCB47002AE118 /* Assets.xcassets */; };
		ED8BD88820ACCB47002AE118 /* LaunchScreen.storyboard in Resources */ = {isa = PBXBuildFile; fileRef = ED8BD88620ACCB47002AE118 /* LaunchScreen.storyboard */; };
		ED8BD89320ACCB47002AE118 /* UnsplashPhotosTests.swift in Sources */ = {isa = PBXBuildFile; fileRef = ED8BD89220ACCB47002AE118 /* UnsplashPhotosTests.swift */; };
/* End PBXBuildFile section */

/* Begin PBXContainerItemProxy section */
		ED8BD88F20ACCB47002AE118 /* PBXContainerItemProxy */ = {
			isa = PBXContainerItemProxy;
			containerPortal = ED8BD87220ACCB45002AE118 /* Project object */;
			proxyType = 1;
			remoteGlobalIDString = ED8BD87920ACCB45002AE118;
			remoteInfo = UnsplashPhotos;
		};
/* End PBXContainerItemProxy section */

/* Begin PBXFileReference section */
		32711E8A28206B575A9D444E /* Pods-UnsplashPhotos.debug.xcconfig */ = {isa = PBXFileReference; includeInIndex = 1; lastKnownFileType = text.xcconfig; name = "Pods-UnsplashPhotos.debug.xcconfig"; path = "Pods/Target Support Files/Pods-UnsplashPhotos/Pods-UnsplashPhotos.debug.xcconfig"; sourceTree = "<group>"; };
		D5FDADA87001EBBC6C2F61C8 /* Pods-UnsplashPhotos.release.xcconfig */ = {isa = PBXFileReference; includeInIndex = 1; lastKnownFileType = text.xcconfig; name = "Pods-UnsplashPhotos.release.xcconfig"; path = "Pods/Target Support Files/Pods-UnsplashPhotos/Pods-UnsplashPhotos.release.xcconfig"; sourceTree = "<group>"; };
		E4F014BE8AECAAC325F7B8F7 /* Pods_UnsplashPhotos.framework */ = {isa = PBXFileReference; explicitFileType = wrapper.framework; includeInIndex = 0; path = Pods_UnsplashPhotos.framework; sourceTree = BUILT_PRODUCTS_DIR; };
		ED325AF520ADC5CF00FF85E3 /* UnsplashApiConfiguration.swift */ = {isa = PBXFileReference; lastKnownFileType = sourcecode.swift; path = UnsplashApiConfiguration.swift; sourceTree = "<group>"; };
		ED325AFC20ADCEFC00FF85E3 /* UnsplashApiClient.swift */ = {isa = PBXFileReference; fileEncoding = 4; lastKnownFileType = sourcecode.swift; path = UnsplashApiClient.swift; sourceTree = "<group>"; };
		ED325B0020ADCF3200FF85E3 /* Photo.swift */ = {isa = PBXFileReference; fileEncoding = 4; lastKnownFileType = sourcecode.swift; path = Photo.swift; sourceTree = "<group>"; };
		ED325B0320ADE1E100FF85E3 /* Publisher.swift */ = {isa = PBXFileReference; fileEncoding = 4; lastKnownFileType = sourcecode.swift; path = Publisher.swift; sourceTree = "<group>"; };
		ED325B0620ADEAC000FF85E3 /* DataManager.swift */ = {isa = PBXFileReference; lastKnownFileType = sourcecode.swift; path = DataManager.swift; sourceTree = "<group>"; };
		ED8BD87A20ACCB45002AE118 /* UnsplashPhotos.app */ = {isa = PBXFileReference; explicitFileType = wrapper.application; includeInIndex = 0; path = UnsplashPhotos.app; sourceTree = BUILT_PRODUCTS_DIR; };
		ED8BD87D20ACCB45002AE118 /* AppDelegate.swift */ = {isa = PBXFileReference; lastKnownFileType = sourcecode.swift; path = AppDelegate.swift; sourceTree = "<group>"; };
		ED8BD88220ACCB45002AE118 /* Base */ = {isa = PBXFileReference; lastKnownFileType = file.storyboard; name = Base; path = Base.lproj/Main.storyboard; sourceTree = "<group>"; };
		ED8BD88420ACCB47002AE118 /* Assets.xcassets */ = {isa = PBXFileReference; lastKnownFileType = folder.assetcatalog; path = Assets.xcassets; sourceTree = "<group>"; };
		ED8BD88720ACCB47002AE118 /* Base */ = {isa = PBXFileReference; lastKnownFileType = file.storyboard; name = Base; path = Base.lproj/LaunchScreen.storyboard; sourceTree = "<group>"; };
		ED8BD88920ACCB47002AE118 /* Info.plist */ = {isa = PBXFileReference; lastKnownFileType = text.plist.xml; path = Info.plist; sourceTree = "<group>"; };
		ED8BD88E20ACCB47002AE118 /* UnsplashPhotosTests.xctest */ = {isa = PBXFileReference; explicitFileType = wrapper.cfbundle; includeInIndex = 0; path = UnsplashPhotosTests.xctest; sourceTree = BUILT_PRODUCTS_DIR; };
		ED8BD89220ACCB47002AE118 /* UnsplashPhotosTests.swift */ = {isa = PBXFileReference; lastKnownFileType = sourcecode.swift; path = UnsplashPhotosTests.swift; sourceTree = "<group>"; };
		ED8BD89420ACCB47002AE118 /* Info.plist */ = {isa = PBXFileReference; lastKnownFileType = text.plist.xml; path = Info.plist; sourceTree = "<group>"; };
/* End PBXFileReference section */

/* Begin PBXFrameworksBuildPhase section */
		ED8BD87720ACCB45002AE118 /* Frameworks */ = {
			isa = PBXFrameworksBuildPhase;
			buildActionMask = 2147483647;
			files = (
				333038AC8D3A91C7922E5934 /* Pods_UnsplashPhotos.framework in Frameworks */,
			);
			runOnlyForDeploymentPostprocessing = 0;
		};
		ED8BD88B20ACCB47002AE118 /* Frameworks */ = {
			isa = PBXFrameworksBuildPhase;
			buildActionMask = 2147483647;
			files = (
			);
			runOnlyForDeploymentPostprocessing = 0;
		};
/* End PBXFrameworksBuildPhase section */

/* Begin PBXGroup section */
		12F4A18B10975C2A4C12ECB4 /* Pods */ = {
			isa = PBXGroup;
			children = (
				32711E8A28206B575A9D444E /* Pods-UnsplashPhotos.debug.xcconfig */,
				D5FDADA87001EBBC6C2F61C8 /* Pods-UnsplashPhotos.release.xcconfig */,
			);
			name = Pods;
			sourceTree = "<group>";
		};
		2A844B1273889F96EA60C8F7 /* Frameworks */ = {
			isa = PBXGroup;
			children = (
				E4F014BE8AECAAC325F7B8F7 /* Pods_UnsplashPhotos.framework */,
			);
			name = Frameworks;
			sourceTree = "<group>";
		};
		ED325AF220ADC57700FF85E3 /* UnsplashApiClient */ = {
			isa = PBXGroup;
			children = (
				ED325AF520ADC5CF00FF85E3 /* UnsplashApiConfiguration.swift */,
				ED325AFC20ADCEFC00FF85E3 /* UnsplashApiClient.swift */,
			);
			path = UnsplashApiClient;
			sourceTree = "<group>";
		};
		ED325AFE20ADCF3200FF85E3 /* Model */ = {
			isa = PBXGroup;
			children = (
				ED325B0020ADCF3200FF85E3 /* Photo.swift */,
				ED325B0320ADE1E100FF85E3 /* Publisher.swift */,
			);
			path = Model;
			sourceTree = "<group>";
		};
		ED325B0520ADEAA500FF85E3 /* Controller */ = {
			isa = PBXGroup;
			children = (
				ED325B0620ADEAC000FF85E3 /* DataManager.swift */,
			);
			path = Controller;
			sourceTree = "<group>";
		};
		ED8BD87120ACCB45002AE118 = {
			isa = PBXGroup;
			children = (
				ED8BD87C20ACCB45002AE118 /* UnsplashPhotos */,
				ED8BD89120ACCB47002AE118 /* UnsplashPhotosTests */,
				ED8BD87B20ACCB45002AE118 /* Products */,
				12F4A18B10975C2A4C12ECB4 /* Pods */,
				2A844B1273889F96EA60C8F7 /* Frameworks */,
			);
			sourceTree = "<group>";
		};
		ED8BD87B20ACCB45002AE118 /* Products */ = {
			isa = PBXGroup;
			children = (
				ED8BD87A20ACCB45002AE118 /* UnsplashPhotos.app */,
				ED8BD88E20ACCB47002AE118 /* UnsplashPhotosTests.xctest */,
			);
			name = Products;
			sourceTree = "<group>";
		};
		ED8BD87C20ACCB45002AE118 /* UnsplashPhotos */ = {
			isa = PBXGroup;
			children = (
				ED325B0520ADEAA500FF85E3 /* Controller */,
				ED325AFE20ADCF3200FF85E3 /* Model */,
				ED325AF220ADC57700FF85E3 /* UnsplashApiClient */,
				ED8BD87D20ACCB45002AE118 /* AppDelegate.swift */,
				ED8BD88120ACCB45002AE118 /* Main.storyboard */,
				ED8BD88420ACCB47002AE118 /* Assets.xcassets */,
				ED8BD88620ACCB47002AE118 /* LaunchScreen.storyboard */,
				ED8BD88920ACCB47002AE118 /* Info.plist */,
			);
			path = UnsplashPhotos;
			sourceTree = "<group>";
		};
		ED8BD89120ACCB47002AE118 /* UnsplashPhotosTests */ = {
			isa = PBXGroup;
			children = (
				ED8BD89220ACCB47002AE118 /* UnsplashPhotosTests.swift */,
				ED8BD89420ACCB47002AE118 /* Info.plist */,
			);
			path = UnsplashPhotosTests;
			sourceTree = "<group>";
		};
/* End PBXGroup section */

/* Begin PBXNativeTarget section */
		ED8BD87920ACCB45002AE118 /* UnsplashPhotos */ = {
			isa = PBXNativeTarget;
			buildConfigurationList = ED8BD89720ACCB47002AE118 /* Build configuration list for PBXNativeTarget "UnsplashPhotos" */;
			buildPhases = (
				5FB9D7B6FA86173BB21552EF /* [CP] Check Pods Manifest.lock */,
				ED8BD87620ACCB45002AE118 /* Sources */,
				ED8BD87720ACCB45002AE118 /* Frameworks */,
				ED8BD87820ACCB45002AE118 /* Resources */,
				9E0588A70E69B9F4AD9A2448 /* [CP] Embed Pods Frameworks */,
			);
			buildRules = (
			);
			dependencies = (
			);
			name = UnsplashPhotos;
			productName = UnsplashPhotos;
			productReference = ED8BD87A20ACCB45002AE118 /* UnsplashPhotos.app */;
			productType = "com.apple.product-type.application";
		};
		ED8BD88D20ACCB47002AE118 /* UnsplashPhotosTests */ = {
			isa = PBXNativeTarget;
			buildConfigurationList = ED8BD89A20ACCB47002AE118 /* Build configuration list for PBXNativeTarget "UnsplashPhotosTests" */;
			buildPhases = (
				ED8BD88A20ACCB47002AE118 /* Sources */,
				ED8BD88B20ACCB47002AE118 /* Frameworks */,
				ED8BD88C20ACCB47002AE118 /* Resources */,
			);
			buildRules = (
			);
			dependencies = (
				ED8BD89020ACCB47002AE118 /* PBXTargetDependency */,
			);
			name = UnsplashPhotosTests;
			productName = UnsplashPhotosTests;
			productReference = ED8BD88E20ACCB47002AE118 /* UnsplashPhotosTests.xctest */;
			productType = "com.apple.product-type.bundle.unit-test";
		};
/* End PBXNativeTarget section */

/* Begin PBXProject section */
		ED8BD87220ACCB45002AE118 /* Project object */ = {
			isa = PBXProject;
			attributes = {
				LastSwiftUpdateCheck = 0930;
				LastUpgradeCheck = 0930;
				ORGANIZATIONNAME = TradeRev;
				TargetAttributes = {
					ED8BD87920ACCB45002AE118 = {
						CreatedOnToolsVersion = 9.3;
					};
					ED8BD88D20ACCB47002AE118 = {
						CreatedOnToolsVersion = 9.3;
						TestTargetID = ED8BD87920ACCB45002AE118;
					};
				};
			};
			buildConfigurationList = ED8BD87520ACCB45002AE118 /* Build configuration list for PBXProject "UnsplashPhotos" */;
			compatibilityVersion = "Xcode 9.3";
			developmentRegion = en;
			hasScannedForEncodings = 0;
			knownRegions = (
				en,
				Base,
			);
			mainGroup = ED8BD87120ACCB45002AE118;
			productRefGroup = ED8BD87B20ACCB45002AE118 /* Products */;
			projectDirPath = "";
			projectRoot = "";
			targets = (
				ED8BD87920ACCB45002AE118 /* UnsplashPhotos */,
				ED8BD88D20ACCB47002AE118 /* UnsplashPhotosTests */,
			);
		};
/* End PBXProject section */

/* Begin PBXResourcesBuildPhase section */
		ED8BD87820ACCB45002AE118 /* Resources */ = {
			isa = PBXResourcesBuildPhase;
			buildActionMask = 2147483647;
			files = (
				ED8BD88820ACCB47002AE118 /* LaunchScreen.storyboard in Resources */,
				ED8BD88520ACCB47002AE118 /* Assets.xcassets in Resources */,
				ED8BD88320ACCB45002AE118 /* Main.storyboard in Resources */,
			);
			runOnlyForDeploymentPostprocessing = 0;
		};
		ED8BD88C20ACCB47002AE118 /* Resources */ = {
			isa = PBXResourcesBuildPhase;
			buildActionMask = 2147483647;
			files = (
			);
			runOnlyForDeploymentPostprocessing = 0;
		};
/* End PBXResourcesBuildPhase section */

/* Begin PBXShellScriptBuildPhase section */
		5FB9D7B6FA86173BB21552EF /* [CP] Check Pods Manifest.lock */ = {
			isa = PBXShellScriptBuildPhase;
			buildActionMask = 2147483647;
			files = (
			);
			inputPaths = (
				"${PODS_PODFILE_DIR_PATH}/Podfile.lock",
				"${PODS_ROOT}/Manifest.lock",
			);
			name = "[CP] Check Pods Manifest.lock";
			outputPaths = (
				"$(DERIVED_FILE_DIR)/Pods-UnsplashPhotos-checkManifestLockResult.txt",
			);
			runOnlyForDeploymentPostprocessing = 0;
			shellPath = /bin/sh;
			shellScript = "diff \"${PODS_PODFILE_DIR_PATH}/Podfile.lock\" \"${PODS_ROOT}/Manifest.lock\" > /dev/null\nif [ $? != 0 ] ; then\n    # print error to STDERR\n    echo \"error: The sandbox is not in sync with the Podfile.lock. Run 'pod install' or update your CocoaPods installation.\" >&2\n    exit 1\nfi\n# This output is used by Xcode 'outputs' to avoid re-running this script phase.\necho \"SUCCESS\" > \"${SCRIPT_OUTPUT_FILE_0}\"\n";
			showEnvVarsInLog = 0;
		};
		9E0588A70E69B9F4AD9A2448 /* [CP] Embed Pods Frameworks */ = {
			isa = PBXShellScriptBuildPhase;
			buildActionMask = 2147483647;
			files = (
			);
			inputPaths = (
				"${SRCROOT}/Pods/Target Support Files/Pods-UnsplashPhotos/Pods-UnsplashPhotos-frameworks.sh",
				"${BUILT_PRODUCTS_DIR}/Alamofire/Alamofire.framework",
				"${BUILT_PRODUCTS_DIR}/Kingfisher/Kingfisher.framework",
			);
			name = "[CP] Embed Pods Frameworks";
			outputPaths = (
				"${TARGET_BUILD_DIR}/${FRAMEWORKS_FOLDER_PATH}/Alamofire.framework",
				"${TARGET_BUILD_DIR}/${FRAMEWORKS_FOLDER_PATH}/Kingfisher.framework",
			);
			runOnlyForDeploymentPostprocessing = 0;
			shellPath = /bin/sh;
			shellScript = "\"${SRCROOT}/Pods/Target Support Files/Pods-UnsplashPhotos/Pods-UnsplashPhotos-frameworks.sh\"\n";
			showEnvVarsInLog = 0;
		};
/* End PBXShellScriptBuildPhase section */

/* Begin PBXSourcesBuildPhase section */
		ED8BD87620ACCB45002AE118 /* Sources */ = {
			isa = PBXSourcesBuildPhase;
			buildActionMask = 2147483647;
			files = (
				ED325B0420ADE1E100FF85E3 /* Publisher.swift in Sources */,
				ED325B0220ADCF3200FF85E3 /* Photo.swift in Sources */,
				ED325AF620ADC5CF00FF85E3 /* UnsplashApiConfiguration.swift in Sources */,
				ED325B0720ADEAC000FF85E3 /* DataManager.swift in Sources */,
				ED325AFD20ADCEFC00FF85E3 /* UnsplashApiClient.swift in Sources */,
				ED8BD87E20ACCB45002AE118 /* AppDelegate.swift in Sources */,
			);
			runOnlyForDeploymentPostprocessing = 0;
		};
		ED8BD88A20ACCB47002AE118 /* Sources */ = {
			isa = PBXSourcesBuildPhase;
			buildActionMask = 2147483647;
			files = (
				ED8BD89320ACCB47002AE118 /* UnsplashPhotosTests.swift in Sources */,
			);
			runOnlyForDeploymentPostprocessing = 0;
		};
/* End PBXSourcesBuildPhase section */

/* Begin PBXTargetDependency section */
		ED8BD89020ACCB47002AE118 /* PBXTargetDependency */ = {
			isa = PBXTargetDependency;
			target = ED8BD87920ACCB45002AE118 /* UnsplashPhotos */;
			targetProxy = ED8BD88F20ACCB47002AE118 /* PBXContainerItemProxy */;
		};
/* End PBXTargetDependency section */

/* Begin PBXVariantGroup section */
		ED8BD88120ACCB45002AE118 /* Main.storyboard */ = {
			isa = PBXVariantGroup;
			children = (
				ED8BD88220ACCB45002AE118 /* Base */,
			);
			name = Main.storyboard;
			sourceTree = "<group>";
		};
		ED8BD88620ACCB47002AE118 /* LaunchScreen.storyboard */ = {
			isa = PBXVariantGroup;
			children = (
				ED8BD88720ACCB47002AE118 /* Base */,
			);
			name = LaunchScreen.storyboard;
			sourceTree = "<group>";
		};
/* End PBXVariantGroup section */

/* Begin XCBuildConfiguration section */
		ED8BD89520ACCB47002AE118 /* Debug */ = {
			isa = XCBuildConfiguration;
			buildSettings = {
				ALWAYS_SEARCH_USER_PATHS = NO;
				CLANG_ANALYZER_NONNULL = YES;
				CLANG_ANALYZER_NUMBER_OBJECT_CONVERSION = YES_AGGRESSIVE;
				CLANG_CXX_LANGUAGE_STANDARD = "gnu++14";
				CLANG_CXX_LIBRARY = "libc++";
				CLANG_ENABLE_MODULES = YES;
				CLANG_ENABLE_OBJC_ARC = YES;
				CLANG_ENABLE_OBJC_WEAK = YES;
				CLANG_WARN_BLOCK_CAPTURE_AUTORELEASING = YES;
				CLANG_WARN_BOOL_CONVERSION = YES;
				CLANG_WARN_COMMA = YES;
				CLANG_WARN_CONSTANT_CONVERSION = YES;
				CLANG_WARN_DEPRECATED_OBJC_IMPLEMENTATIONS = YES;
				CLANG_WARN_DIRECT_OBJC_ISA_USAGE = YES_ERROR;
				CLANG_WARN_DOCUMENTATION_COMMENTS = YES;
				CLANG_WARN_EMPTY_BODY = YES;
				CLANG_WARN_ENUM_CONVERSION = YES;
				CLANG_WARN_INFINITE_RECURSION = YES;
				CLANG_WARN_INT_CONVERSION = YES;
				CLANG_WARN_NON_LITERAL_NULL_CONVERSION = YES;
				CLANG_WARN_OBJC_IMPLICIT_RETAIN_SELF = YES;
				CLANG_WARN_OBJC_LITERAL_CONVERSION = YES;
				CLANG_WARN_OBJC_ROOT_CLASS = YES_ERROR;
				CLANG_WARN_RANGE_LOOP_ANALYSIS = YES;
				CLANG_WARN_STRICT_PROTOTYPES = YES;
				CLANG_WARN_SUSPICIOUS_MOVE = YES;
				CLANG_WARN_UNGUARDED_AVAILABILITY = YES_AGGRESSIVE;
				CLANG_WARN_UNREACHABLE_CODE = YES;
				CLANG_WARN__DUPLICATE_METHOD_MATCH = YES;
				CODE_SIGN_IDENTITY = "iPhone Developer";
				COPY_PHASE_STRIP = NO;
				DEBUG_INFORMATION_FORMAT = dwarf;
				ENABLE_STRICT_OBJC_MSGSEND = YES;
				ENABLE_TESTABILITY = YES;
				GCC_C_LANGUAGE_STANDARD = gnu11;
				GCC_DYNAMIC_NO_PIC = NO;
				GCC_NO_COMMON_BLOCKS = YES;
				GCC_OPTIMIZATION_LEVEL = 0;
				GCC_PREPROCESSOR_DEFINITIONS = (
					"DEBUG=1",
					"$(inherited)",
				);
				GCC_WARN_64_TO_32_BIT_CONVERSION = YES;
				GCC_WARN_ABOUT_RETURN_TYPE = YES_ERROR;
				GCC_WARN_UNDECLARED_SELECTOR = YES;
				GCC_WARN_UNINITIALIZED_AUTOS = YES_AGGRESSIVE;
				GCC_WARN_UNUSED_FUNCTION = YES;
				GCC_WARN_UNUSED_VARIABLE = YES;
				IPHONEOS_DEPLOYMENT_TARGET = 10.0;
				MTL_ENABLE_DEBUG_INFO = YES;
				ONLY_ACTIVE_ARCH = YES;
				SDKROOT = iphoneos;
				SWIFT_ACTIVE_COMPILATION_CONDITIONS = DEBUG;
				SWIFT_OPTIMIZATION_LEVEL = "-Onone";
			};
			name = Debug;
		};
		ED8BD89620ACCB47002AE118 /* Release */ = {
			isa = XCBuildConfiguration;
			buildSettings = {
				ALWAYS_SEARCH_USER_PATHS = NO;
				CLANG_ANALYZER_NONNULL = YES;
				CLANG_ANALYZER_NUMBER_OBJECT_CONVERSION = YES_AGGRESSIVE;
				CLANG_CXX_LANGUAGE_STANDARD = "gnu++14";
				CLANG_CXX_LIBRARY = "libc++";
				CLANG_ENABLE_MODULES = YES;
				CLANG_ENABLE_OBJC_ARC = YES;
				CLANG_ENABLE_OBJC_WEAK = YES;
				CLANG_WARN_BLOCK_CAPTURE_AUTORELEASING = YES;
				CLANG_WARN_BOOL_CONVERSION = YES;
				CLANG_WARN_COMMA = YES;
				CLANG_WARN_CONSTANT_CONVERSION = YES;
				CLANG_WARN_DEPRECATED_OBJC_IMPLEMENTATIONS = YES;
				CLANG_WARN_DIRECT_OBJC_ISA_USAGE = YES_ERROR;
				CLANG_WARN_DOCUMENTATION_COMMENTS = YES;
				CLANG_WARN_EMPTY_BODY = YES;
				CLANG_WARN_ENUM_CONVERSION = YES;
				CLANG_WARN_INFINITE_RECURSION = YES;
				CLANG_WARN_INT_CONVERSION = YES;
				CLANG_WARN_NON_LITERAL_NULL_CONVERSION = YES;
				CLANG_WARN_OBJC_IMPLICIT_RETAIN_SELF = YES;
				CLANG_WARN_OBJC_LITERAL_CONVERSION = YES;
				CLANG_WARN_OBJC_ROOT_CLASS = YES_ERROR;
				CLANG_WARN_RANGE_LOOP_ANALYSIS = YES;
				CLANG_WARN_STRICT_PROTOTYPES = YES;
				CLANG_WARN_SUSPICIOUS_MOVE = YES;
				CLANG_WARN_UNGUARDED_AVAILABILITY = YES_AGGRESSIVE;
				CLANG_WARN_UNREACHABLE_CODE = YES;
				CLANG_WARN__DUPLICATE_METHOD_MATCH = YES;
				CODE_SIGN_IDENTITY = "iPhone Developer";
				COPY_PHASE_STRIP = NO;
				DEBUG_INFORMATION_FORMAT = "dwarf-with-dsym";
				ENABLE_NS_ASSERTIONS = NO;
				ENABLE_STRICT_OBJC_MSGSEND = YES;
				GCC_C_LANGUAGE_STANDARD = gnu11;
				GCC_NO_COMMON_BLOCKS = YES;
				GCC_WARN_64_TO_32_BIT_CONVERSION = YES;
				GCC_WARN_ABOUT_RETURN_TYPE = YES_ERROR;
				GCC_WARN_UNDECLARED_SELECTOR = YES;
				GCC_WARN_UNINITIALIZED_AUTOS = YES_AGGRESSIVE;
				GCC_WARN_UNUSED_FUNCTION = YES;
				GCC_WARN_UNUSED_VARIABLE = YES;
				IPHONEOS_DEPLOYMENT_TARGET = 10.0;
				MTL_ENABLE_DEBUG_INFO = NO;
				SDKROOT = iphoneos;
				SWIFT_COMPILATION_MODE = wholemodule;
				SWIFT_OPTIMIZATION_LEVEL = "-O";
				VALIDATE_PRODUCT = YES;
			};
			name = Release;
		};
		ED8BD89820ACCB47002AE118 /* Debug */ = {
			isa = XCBuildConfiguration;
			baseConfigurationReference = 32711E8A28206B575A9D444E /* Pods-UnsplashPhotos.debug.xcconfig */;
			buildSettings = {
				ASSETCATALOG_COMPILER_APPICON_NAME = AppIcon;
				CODE_SIGN_STYLE = Automatic;
				INFOPLIST_FILE = UnsplashPhotos/Info.plist;
				LD_RUNPATH_SEARCH_PATHS = (
					"$(inherited)",
					"@executable_path/Frameworks",
				);
				PRODUCT_BUNDLE_IDENTIFIER = com.traderev.UnsplashPhotos;
				PRODUCT_NAME = "$(TARGET_NAME)";
				SWIFT_VERSION = 4.0;
				TARGETED_DEVICE_FAMILY = "1,2";
			};
			name = Debug;
		};
		ED8BD89920ACCB47002AE118 /* Release */ = {
			isa = XCBuildConfiguration;
			baseConfigurationReference = D5FDADA87001EBBC6C2F61C8 /* Pods-UnsplashPhotos.release.xcconfig */;
			buildSettings = {
				ASSETCATALOG_COMPILER_APPICON_NAME = AppIcon;
				CODE_SIGN_STYLE = Automatic;
				INFOPLIST_FILE = UnsplashPhotos/Info.plist;
				LD_RUNPATH_SEARCH_PATHS = (
					"$(inherited)",
					"@executable_path/Frameworks",
				);
				PRODUCT_BUNDLE_IDENTIFIER = com.traderev.UnsplashPhotos;
				PRODUCT_NAME = "$(TARGET_NAME)";
				SWIFT_VERSION = 4.0;
				TARGETED_DEVICE_FAMILY = "1,2";
			};
			name = Release;
		};
		ED8BD89B20ACCB47002AE118 /* Debug */ = {
			isa = XCBuildConfiguration;
			buildSettings = {
				ALWAYS_EMBED_SWIFT_STANDARD_LIBRARIES = YES;
				BUNDLE_LOADER = "$(TEST_HOST)";
				CODE_SIGN_STYLE = Automatic;
				INFOPLIST_FILE = UnsplashPhotosTests/Info.plist;
				LD_RUNPATH_SEARCH_PATHS = (
					"$(inherited)",
					"@executable_path/Frameworks",
					"@loader_path/Frameworks",
				);
				PRODUCT_BUNDLE_IDENTIFIER = com.traderev.UnsplashPhotosTests;
				PRODUCT_NAME = "$(TARGET_NAME)";
				SWIFT_VERSION = 4.0;
				TARGETED_DEVICE_FAMILY = "1,2";
				TEST_HOST = "$(BUILT_PRODUCTS_DIR)/UnsplashPhotos.app/UnsplashPhotos";
			};
			name = Debug;
		};
		ED8BD89C20ACCB47002AE118 /* Release */ = {
			isa = XCBuildConfiguration;
			buildSettings = {
				ALWAYS_EMBED_SWIFT_STANDARD_LIBRARIES = YES;
				BUNDLE_LOADER = "$(TEST_HOST)";
				CODE_SIGN_STYLE = Automatic;
				INFOPLIST_FILE = UnsplashPhotosTests/Info.plist;
				LD_RUNPATH_SEARCH_PATHS = (
					"$(inherited)",
					"@executable_path/Frameworks",
					"@loader_path/Frameworks",
				);
				PRODUCT_BUNDLE_IDENTIFIER = com.traderev.UnsplashPhotosTests;
				PRODUCT_NAME = "$(TARGET_NAME)";
				SWIFT_VERSION = 4.0;
				TARGETED_DEVICE_FAMILY = "1,2";
				TEST_HOST = "$(BUILT_PRODUCTS_DIR)/UnsplashPhotos.app/UnsplashPhotos";
			};
			name = Release;
		};
/* End XCBuildConfiguration section */

/* Begin XCConfigurationList section */
		ED8BD87520ACCB45002AE118 /* Build configuration list for PBXProject "UnsplashPhotos" */ = {
			isa = XCConfigurationList;
			buildConfigurations = (
				ED8BD89520ACCB47002AE118 /* Debug */,
				ED8BD89620ACCB47002AE118 /* Release */,
			);
			defaultConfigurationIsVisible = 0;
			defaultConfigurationName = Release;
		};
		ED8BD89720ACCB47002AE118 /* Build configuration list for PBXNativeTarget "UnsplashPhotos" */ = {
			isa = XCConfigurationList;
			buildConfigurations = (
				ED8BD89820ACCB47002AE118 /* Debug */,
				ED8BD89920ACCB47002AE118 /* Release */,
			);
			defaultConfigurationIsVisible = 0;
			defaultConfigurationName = Release;
		};
		ED8BD89A20ACCB47002AE118 /* Build configuration list for PBXNativeTarget "UnsplashPhotosTests" */ = {
			isa = XCConfigurationList;
			buildConfigurations = (
				ED8BD89B20ACCB47002AE118 /* Debug */,
				ED8BD89C20ACCB47002AE118 /* Release */,
			);
			defaultConfigurationIsVisible = 0;
			defaultConfigurationName = Release;
		};
/* End XCConfigurationList section */
	};
	rootObject = ED8BD87220ACCB45002AE118 /* Project object */;
}
